
Microsoft Visual Studio Solution File, Format Version 12.00
# Visual Studio Version 17
VisualStudioVersion = 17.5.33627.172
MinimumVisualStudioVersion = 10.0.40219.1
Project("{9A19103F-16F7-4668-BE54-9A1E7A4F7556}") = "MStarSupplyControl.Mvc", "MStarSupplyControl.Mvc\MStarSupplyControl.Mvc.csproj", "{6E236891-37F8-4680-91F1-1BD66BCEFBF0}"
EndProject
Project("{9A19103F-16F7-4668-BE54-9A1E7A4F7556}") = "MStarSupplyControl.Application", "MStarSupplyControl.Application\MStarSupplyControl.Application.csproj", "{6FA49336-D6BB-4287-AEB4-2F989A9C8318}"
EndProject
Project("{9A19103F-16F7-4668-BE54-9A1E7A4F7556}") = "MStarSupplyControl.Domain", "MStarSupplyControl.Domain\MStarSupplyControl.Domain.csproj", "{A0570F29-A93F-4EC4-9DD9-88E182A625CD}"
EndProject
Project("{9A19103F-16F7-4668-BE54-9A1E7A4F7556}") = "MStarSupplyControl.IoC", "MStarSupplyControl.IoC\MStarSupplyControl.IoC.csproj", "{6533C2B1-6DAD-4968-9546-5FCD85A93C90}"
EndProject
Project("{9A19103F-16F7-4668-BE54-9A1E7A4F7556}") = "MStarSupplyControl.Infrastructure", "MStarSupplyControl.Infrastructure\MStarSupplyControl.Infrastructure.csproj", "{C4055DDE-7A64-45CA-A373-8006AFD6CC11}"
EndProject
Global
	GlobalSection(SolutionConfigurationPlatforms) = preSolution
		Debug|Any CPU = Debug|Any CPU
		Release|Any CPU = Release|Any CPU
	EndGlobalSection
	GlobalSection(ProjectConfigurationPlatforms) = postSolution
		{6E236891-37F8-4680-91F1-1BD66BCEFBF0}.Debug|Any CPU.ActiveCfg = Debug|Any CPU
		{6E236891-37F8-4680-91F1-1BD66BCEFBF0}.Debug|Any CPU.Build.0 = Debug|Any CPU
		{6E236891-37F8-4680-91F1-1BD66BCEFBF0}.Release|Any CPU.ActiveCfg = Release|Any CPU
		{6E236891-37F8-4680-91F1-1BD66BCEFBF0}.Release|Any CPU.Build.0 = Release|Any CPU
		{6FA49336-D6BB-4287-AEB4-2F989A9C8318}.Debug|Any CPU.ActiveCfg = Debug|Any CPU
		{6FA49336-D6BB-4287-AEB4-2F989A9C8318}.Debug|Any CPU.Build.0 = Debug|Any CPU
		{6FA49336-D6BB-4287-AEB4-2F989A9C8318}.Release|Any CPU.ActiveCfg = Release|Any CPU
		{6FA49336-D6BB-4287-AEB4-2F989A9C8318}.Release|Any CPU.Build.0 = Release|Any CPU
		{A0570F29-A93F-4EC4-9DD9-88E182A625CD}.Debug|Any CPU.ActiveCfg = Debug|Any CPU
		{A0570F29-A93F-4EC4-9DD9-88E182A625CD}.Debug|Any CPU.Build.0 = Debug|Any CPU
		{A0570F29-A93F-4EC4-9DD9-88E182A625CD}.Release|Any CPU.ActiveCfg = Release|Any CPU
		{A0570F29-A93F-4EC4-9DD9-88E182A625CD}.Release|Any CPU.Build.0 = Release|Any CPU
		{6533C2B1-6DAD-4968-9546-5FCD85A93C90}.Debug|Any CPU.ActiveCfg = Debug|Any CPU
		{6533C2B1-6DAD-4968-9546-5FCD85A93C90}.Debug|Any CPU.Build.0 = Debug|Any CPU
		{6533C2B1-6DAD-4968-9546-5FCD85A93C90}.Release|Any CPU.ActiveCfg = Release|Any CPU
		{6533C2B1-6DAD-4968-9546-5FCD85A93C90}.Release|Any CPU.Build.0 = Release|Any CPU
		{C4055DDE-7A64-45CA-A373-8006AFD6CC11}.Debug|Any CPU.ActiveCfg = Debug|Any CPU
		{C4055DDE-7A64-45CA-A373-8006AFD6CC11}.Debug|Any CPU.Build.0 = Debug|Any CPU
		{C4055DDE-7A64-45CA-A373-8006AFD6CC11}.Release|Any CPU.ActiveCfg = Release|Any CPU
		{C4055DDE-7A64-45CA-A373-8006AFD6CC11}.Release|Any CPU.Build.0 = Release|Any CPU
	EndGlobalSection
	GlobalSection(SolutionProperties) = preSolution
		HideSolutionNode = FALSE
	EndGlobalSection
	GlobalSection(ExtensibilityGlobals) = postSolution
		SolutionGuid = {D8A9FFAC-D5C0-4924-8F8C-CFB71439E444}
	EndGlobalSection
EndGlobal
